{
  "name": "file-tree",
  "version": "1.0.0",
  "lockfileVersion": 2,
  "requires": true,
  "packages": {
    "": {
      "name": "file-tree",
      "version": "1.0.0",
      "license": "ISC",
      "dependencies": {
        "prettier": "^2.6.2"
      },
      "devDependencies": {
        "@types/node": "^17.0.35",
        "@types/prettier": "^2.6.1"
      }
    },
    "node_modules/@types/node": {
      "version": "17.0.35",
      "resolved": "https://registry.npmjs.org/@types/node/-/node-17.0.35.tgz",
      "integrity": "sha512-vu1SrqBjbbZ3J6vwY17jBs8Sr/BKA+/a/WtjRG+whKg1iuLFOosq872EXS0eXWILdO36DHQQeku/ZcL6hz2fpg==",
      "dev": true
    },
    "node_modules/@types/prettier": {
      "version": "2.6.1",
      "resolved": "https://registry.npmjs.org/@types/prettier/-/prettier-2.6.1.tgz",
      "integrity": "sha512-XFjFHmaLVifrAKaZ+EKghFHtHSUonyw8P2Qmy2/+osBnrKbH9UYtlK10zg8/kCt47MFilll/DEDKy3DHfJ0URw==",
      "dev": true
    },
    "node_modules/prettier": {
      "version": "2.6.2",
      "resolved": "https://registry.npmjs.org/prettier/-/prettier-2.6.2.tgz",
      "integrity": "sha512-PkUpF+qoXTqhOeWL9fu7As8LXsIUZ1WYaJiY/a7McAQzxjk82OF0tibkFXVCDImZtWxbvojFjerkiLb0/q8mew==",
      "bin": {
        "prettier": "bin-prettier.js"
      },
      "engines": {
        "node": ">=10.13.0"
      },
      "funding": {
        "url": "https://github.com/prettier/prettier?sponsor=1"
      }
    }
  },
  "dependencies": {
    "@types/node": {
      "version": "17.0.35",
      "resolved": "https://registry.npmjs.org/@types/node/-/node-17.0.35.tgz",
      "integrity": "sha512-vu1SrqBjbbZ3J6vwY17jBs8Sr/BKA+/a/WtjRG+whKg1iuLFOosq872EXS0eXWILdO36DHQQeku/ZcL6hz2fpg==",
      "dev": true
    },
    "@types/prettier": {
      "version": "2.6.1",
      "resolved": "https://registry.npmjs.org/@types/prettier/-/prettier-2.6.1.tgz",
      "integrity": "sha512-XFjFHmaLVifrAKaZ+EKghFHtHSUonyw8P2Qmy2/+osBnrKbH9UYtlK10zg8/kCt47MFilll/DEDKy3DHfJ0URw==",
      "dev": true
    },
    "prettier": {
      "version": "2.6.2",
      "resolved": "https://registry.npmjs.org/prettier/-/prettier-2.6.2.tgz",
      "integrity": "sha512-PkUpF+qoXTqhOeWL9fu7As8LXsIUZ1WYaJiY/a7McAQzxjk82OF0tibkFXVCDImZtWxbvojFjerkiLb0/q8mew=="
    }
  }
}
